// !$*UTF8*$!
{
	archiveVersion = 1;
	classes = {
	};
	objectVersion = 50;
	objects = {

/* Begin PBXBuildFile section */
		BCEF3131257EE63400F4DD83 /* AppDelegate.swift in Sources */ = {isa = PBXBuildFile; fileRef = BCEF3130257EE63400F4DD83 /* AppDelegate.swift */; };
		BCEF3133257EE63400F4DD83 /* SceneDelegate.swift in Sources */ = {isa = PBXBuildFile; fileRef = BCEF3132257EE63400F4DD83 /* SceneDelegate.swift */; };
		BCEF3135257EE63400F4DD83 /* ViewController.swift in Sources */ = {isa = PBXBuildFile; fileRef = BCEF3134257EE63400F4DD83 /* ViewController.swift */; };
		BCEF3138257EE63400F4DD83 /* Main.storyboard in Resources */ = {isa = PBXBuildFile; fileRef = BCEF3136257EE63400F4DD83 /* Main.storyboard */; };
		BCEF313A257EE63500F4DD83 /* Assets.xcassets in Resources */ = {isa = PBXBuildFile; fileRef = BCEF3139257EE63500F4DD83 /* Assets.xcassets */; };
		BCEF313D257EE63500F4DD83 /* LaunchScreen.storyboard in Resources */ = {isa = PBXBuildFile; fileRef = BCEF313B257EE63500F4DD83 /* LaunchScreen.storyboard */; };
/* End PBXBuildFile section */

/* Begin PBXFileReference section */
		BCEF312D257EE63400F4DD83 /* NewsAppRx2.app */ = {isa = PBXFileReference; explicitFileType = wrapper.application; includeInIndex = 0; path = NewsAppRx2.app; sourceTree = BUILT_PRODUCTS_DIR; };
		BCEF3130257EE63400F4DD83 /* AppDelegate.swift */ = {isa = PBXFileReference; lastKnownFileType = sourcecode.swift; path = AppDelegate.swift; sourceTree = "<group>"; };
		BCEF3132257EE63400F4DD83 /* SceneDelegate.swift */ = {isa = PBXFileReference; lastKnownFileType = sourcecode.swift; path = SceneDelegate.swift; sourceTree = "<group>"; };
		BCEF3134257EE63400F4DD83 /* ViewController.swift */ = {isa = PBXFileReference; lastKnownFileType = sourcecode.swift; path = ViewController.swift; sourceTree = "<group>"; };
		BCEF3137257EE63400F4DD83 /* Base */ = {isa = PBXFileReference; lastKnownFileType = file.storyboard; name = Base; path = Base.lproj/Main.storyboard; sourceTree = "<group>"; };
		BCEF3139257EE63500F4DD83 /* Assets.xcassets */ = {isa = PBXFileReference; lastKnownFileType = folder.assetcatalog; path = Assets.xcassets; sourceTree = "<group>"; };
		BCEF313C257EE63500F4DD83 /* Base */ = {isa = PBXFileReference; lastKnownFileType = file.storyboard; name = Base; path = Base.lproj/LaunchScreen.storyboard; sourceTree = "<group>"; };
		BCEF313E257EE63500F4DD83 /* Info.plist */ = {isa = PBXFileReference; lastKnownFileType = text.plist.xml; path = Info.plist; sourceTree = "<group>"; };
/* End PBXFileReference section */

/* Begin PBXFrameworksBuildPhase section */
		BCEF312A257EE63400F4DD83 /* Frameworks */ = {
			isa = PBXFrameworksBuildPhase;
			buildActionMask = 2147483647;
			files = (
			);
			runOnlyForDeploymentPostprocessing = 0;
		};
/* End PBXFrameworksBuildPhase section */

/* Begin PBXGroup section */
		BCEF3124257EE63400F4DD83 = {
			isa = PBXGroup;
			children = (
				BCEF312F257EE63400F4DD83 /* NewsAppRx2 */,
				BCEF312E257EE63400F4DD83 /* Products */,
			);
			sourceTree = "<group>";
		};
		BCEF312E257EE63400F4DD83 /* Products */ = {
			isa = PBXGroup;
			children = (
				BCEF312D257EE63400F4DD83 /* NewsAppRx2.app */,
			);
			name = Products;
			sourceTree = "<group>";
		};
		BCEF312F257EE63400F4DD83 /* NewsAppRx2 */ = {
			isa = PBXGroup;
			children = (
				BCEF3130257EE63400F4DD83 /* AppDelegate.swift */,
				BCEF3132257EE63400F4DD83 /* SceneDelegate.swift */,
				BCEF3134257EE63400F4DD83 /* ViewController.swift */,
				BCEF3136257EE63400F4DD83 /* Main.storyboard */,
				BCEF3139257EE63500F4DD83 /* Assets.xcassets */,
				BCEF313B257EE63500F4DD83 /* LaunchScreen.storyboard */,
				BCEF313E257EE63500F4DD83 /* Info.plist */,
			);
			path = NewsAppRx2;
			sourceTree = "<group>";
		};
/* End PBXGroup section */

/* Begin PBXNativeTarget section */
		BCEF312C257EE63400F4DD83 /* NewsAppRx2 */ = {
			isa = PBXNativeTarget;
			buildConfigurationList = BCEF3141257EE63500F4DD83 /* Build configuration list for PBXNativeTarget "NewsAppRx2" */;
			buildPhases = (
				BCEF3129257EE63400F4DD83 /* Sources */,
				BCEF312A257EE63400F4DD83 /* Frameworks */,
				BCEF312B257EE63400F4DD83 /* Resources */,
			);
			buildRules = (
			);
			dependencies = (
			);
			name = NewsAppRx2;
			productName = NewsAppRx2;
			productReference = BCEF312D257EE63400F4DD83 /* NewsAppRx2.app */;
			productType = "com.apple.product-type.application";
		};
/* End PBXNativeTarget section */

/* Begin PBXProject section */
		BCEF3125257EE63400F4DD83 /* Project object */ = {
			isa = PBXProject;
			attributes = {
				LastSwiftUpdateCheck = 1220;
				LastUpgradeCheck = 1220;
				TargetAttributes = {
					BCEF312C257EE63400F4DD83 = {
						CreatedOnToolsVersion = 12.2;
					};
				};
			};
			buildConfigurationList = BCEF3128257EE63400F4DD83 /* Build configuration list for PBXProject "NewsAppRx2" */;
			compatibilityVersion = "Xcode 9.3";
			developmentRegion = en;
			hasScannedForEncodings = 0;
			knownRegions = (
				en,
				Base,
			);
			mainGroup = BCEF3124257EE63400F4DD83;
			productRefGroup = BCEF312E257EE63400F4DD83 /* Products */;
			projectDirPath = "";
			projectRoot = "";
			targets = (
				BCEF312C257EE63400F4DD83 /* NewsAppRx2 */,
			);
		};
/* End PBXProject section */

/* Begin PBXResourcesBuildPhase section */
		BCEF312B257EE63400F4DD83 /* Resources */ = {
			isa = PBXResourcesBuildPhase;
			buildActionMask = 2147483647;
			files = (
				BCEF313D257EE63500F4DD83 /* LaunchScreen.storyboard in Resources */,
				BCEF313A257EE63500F4DD83 /* Assets.xcassets in Resources */,
				BCEF3138257EE63400F4DD83 /* Main.storyboard in Resources */,
			);
			runOnlyForDeploymentPostprocessing = 0;
		};
/* End PBXResourcesBuildPhase section */

/* Begin PBXSourcesBuildPhase section */
		BCEF3129257EE63400F4DD83 /* Sources */ = {
			isa = PBXSourcesBuildPhase;
			buildActionMask = 2147483647;
			files = (
				BCEF3135257EE63400F4DD83 /* ViewController.swift in Sources */,
				BCEF3131257EE63400F4DD83 /* AppDelegate.swift in Sources */,
				BCEF3133257EE63400F4DD83 /* SceneDelegate.swift in Sources */,
			);
			runOnlyForDeploymentPostprocessing = 0;
		};
/* End PBXSourcesBuildPhase section */

/* Begin PBXVariantGroup section */
		BCEF3136257EE63400F4DD83 /* Main.storyboard */ = {
			isa = PBXVariantGroup;
			children = (
				BCEF3137257EE63400F4DD83 /* Base */,
			);
			name = Main.storyboard;
			sourceTree = "<group>";
		};
		BCEF313B257EE63500F4DD83 /* LaunchScreen.storyboard */ = {
			isa = PBXVariantGroup;
			children = (
				BCEF313C257EE63500F4DD83 /* Base */,
			);
			name = LaunchScreen.storyboard;
			sourceTree = "<group>";
		};
/* End PBXVariantGroup section */

/* Begin XCBuildConfiguration section */
		BCEF313F257EE63500F4DD83 /* Debug */ = {
			isa = XCBuildConfiguration;
			buildSettings = {
				ALWAYS_SEARCH_USER_PATHS = NO;
				CLANG_ANALYZER_NONNULL = YES;
				CLANG_ANALYZER_NUMBER_OBJECT_CONVERSION = YES_AGGRESSIVE;
				CLANG_CXX_LANGUAGE_STANDARD = "gnu++14";
				CLANG_CXX_LIBRARY = "libc++";
				CLANG_ENABLE_MODULES = YES;
				CLANG_ENABLE_OBJC_ARC = YES;
				CLANG_ENABLE_OBJC_WEAK = YES;
				CLANG_WARN_BLOCK_CAPTURE_AUTORELEASING = YES;
				CLANG_WARN_BOOL_CONVERSION = YES;
				CLANG_WARN_COMMA = YES;
				CLANG_WARN_CONSTANT_CONVERSION = YES;
				CLANG_WARN_DEPRECATED_OBJC_IMPLEMENTATIONS = YES;
				CLANG_WARN_DIRECT_OBJC_ISA_USAGE = YES_ERROR;
				CLANG_WARN_DOCUMENTATION_COMMENTS = YES;
				CLANG_WARN_EMPTY_BODY = YES;
				CLANG_WARN_ENUM_CONVERSION = YES;
				CLANG_WARN_INFINITE_RECURSION = YES;
				CLANG_WARN_INT_CONVERSION = YES;
				CLANG_WARN_NON_LITERAL_NULL_CONVERSION = YES;
				CLANG_WARN_OBJC_IMPLICIT_RETAIN_SELF = YES;
				CLANG_WARN_OBJC_LITERAL_CONVERSION = YES;
				CLANG_WARN_OBJC_ROOT_CLASS = YES_ERROR;
				CLANG_WARN_QUOTED_INCLUDE_IN_FRAMEWORK_HEADER = YES;
				CLANG_WARN_RANGE_LOOP_ANALYSIS = YES;
				CLANG_WARN_STRICT_PROTOTYPES = YES;
				CLANG_WARN_SUSPICIOUS_MOVE = YES;
				CLANG_WARN_UNGUARDED_AVAILABILITY = YES_AGGRESSIVE;
				CLANG_WARN_UNREACHABLE_CODE = YES;
				CLANG_WARN__DUPLICATE_METHOD_MATCH = YES;
				COPY_PHASE_STRIP = NO;
				DEBUG_INFORMATION_FORMAT = dwarf;
				ENABLE_STRICT_OBJC_MSGSEND = YES;
				ENABLE_TESTABILITY = YES;
				GCC_C_LANGUAGE_STANDARD = gnu11;
				GCC_DYNAMIC_NO_PIC = NO;
				GCC_NO_COMMON_BLOCKS = YES;
				GCC_OPTIMIZATION_LEVEL = 0;
				GCC_PREPROCESSOR_DEFINITIONS = (
					"DEBUG=1",
					"$(inherited)",
				);
				GCC_WARN_64_TO_32_BIT_CONVERSION = YES;
				GCC_WARN_ABOUT_RETURN_TYPE = YES_ERROR;
				GCC_WARN_UNDECLARED_SELECTOR = YES;
				GCC_WARN_UNINITIALIZED_AUTOS = YES_AGGRESSIVE;
				GCC_WARN_UNUSED_FUNCTION = YES;
				GCC_WARN_UNUSED_VARIABLE = YES;
				IPHONEOS_DEPLOYMENT_TARGET = 14.2;
				MTL_ENABLE_DEBUG_INFO = INCLUDE_SOURCE;
				MTL_FAST_MATH = YES;
				ONLY_ACTIVE_ARCH = YES;
				SDKROOT = iphoneos;
				SWIFT_ACTIVE_COMPILATION_CONDITIONS = DEBUG;
				SWIFT_OPTIMIZATION_LEVEL = "-Onone";
			};
			name = Debug;
		};
		BCEF3140257EE63500F4DD83 /* Release */ = {
			isa = XCBuildConfiguration;
			buildSettings = {
				ALWAYS_SEARCH_USER_PATHS = NO;
				CLANG_ANALYZER_NONNULL = YES;
				CLANG_ANALYZER_NUMBER_OBJECT_CONVERSION = YES_AGGRESSIVE;
				CLANG_CXX_LANGUAGE_STANDARD = "gnu++14";
				CLANG_CXX_LIBRARY = "libc++";
				CLANG_ENABLE_MODULES = YES;
				CLANG_ENABLE_OBJC_ARC = YES;
				CLANG_ENABLE_OBJC_WEAK = YES;
				CLANG_WARN_BLOCK_CAPTURE_AUTORELEASING = YES;
				CLANG_WARN_BOOL_CONVERSION = YES;
				CLANG_WARN_COMMA = YES;
				CLANG_WARN_CONSTANT_CONVERSION = YES;
				CLANG_WARN_DEPRECATED_OBJC_IMPLEMENTATIONS = YES;
				CLANG_WARN_DIRECT_OBJC_ISA_USAGE = YES_ERROR;
				CLANG_WARN_DOCUMENTATION_COMMENTS = YES;
				CLANG_WARN_EMPTY_BODY = YES;
				CLANG_WARN_ENUM_CONVERSION = YES;
				CLANG_WARN_INFINITE_RECURSION = YES;
				CLANG_WARN_INT_CONVERSION = YES;
				CLANG_WARN_NON_LITERAL_NULL_CONVERSION = YES;
				CLANG_WARN_OBJC_IMPLICIT_RETAIN_SELF = YES;
				CLANG_WARN_OBJC_LITERAL_CONVERSION = YES;
				CLANG_WARN_OBJC_ROOT_CLASS = YES_ERROR;
				CLANG_WARN_QUOTED_INCLUDE_IN_FRAMEWORK_HEADER = YES;
				CLANG_WARN_RANGE_LOOP_ANALYSIS = YES;
				CLANG_WARN_STRICT_PROTOTYPES = YES;
				CLANG_WARN_SUSPICIOUS_MOVE = YES;
				CLANG_WARN_UNGUARDED_AVAILABILITY = YES_AGGRESSIVE;
				CLANG_WARN_UNREACHABLE_CODE = YES;
				CLANG_WARN__DUPLICATE_METHOD_MATCH = YES;
				COPY_PHASE_STRIP = NO;
				DEBUG_INFORMATION_FORMAT = "dwarf-with-dsym";
				ENABLE_NS_ASSERTIONS = NO;
				ENABLE_STRICT_OBJC_MSGSEND = YES;
				GCC_C_LANGUAGE_STANDARD = gnu11;
				GCC_NO_COMMON_BLOCKS = YES;
				GCC_WARN_64_TO_32_BIT_CONVERSION = YES;
				GCC_WARN_ABOUT_RETURN_TYPE = YES_ERROR;
				GCC_WARN_UNDECLARED_SELECTOR = YES;
				GCC_WARN_UNINITIALIZED_AUTOS = YES_AGGRESSIVE;
				GCC_WARN_UNUSED_FUNCTION = YES;
				GCC_WARN_UNUSED_VARIABLE = YES;
				IPHONEOS_DEPLOYMENT_TARGET = 14.2;
				MTL_ENABLE_DEBUG_INFO = NO;
				MTL_FAST_MATH = YES;
				SDKROOT = iphoneos;
				SWIFT_COMPILATION_MODE = wholemodule;
				SWIFT_OPTIMIZATION_LEVEL = "-O";
				VALIDATE_PRODUCT = YES;
			};
			name = Release;
		};
		BCEF3142257EE63500F4DD83 /* Debug */ = {
			isa = XCBuildConfiguration;
			buildSettings = {
				ASSETCATALOG_COMPILER_APPICON_NAME = AppIcon;
				ASSETCATALOG_COMPILER_GLOBAL_ACCENT_COLOR_NAME = AccentColor;
				CODE_SIGN_STYLE = Automatic;
				DEVELOPMENT_TEAM = VF7VYA94WY;
				INFOPLIST_FILE = NewsAppRx2/Info.plist;
				LD_RUNPATH_SEARCH_PATHS = (
					"$(inherited)",
					"@executable_path/Frameworks",
				);
				PRODUCT_BUNDLE_IDENTIFIER = abstec.NewsAppRx2;
				PRODUCT_NAME = "$(TARGET_NAME)";
				SWIFT_VERSION = 5.0;
				TARGETED_DEVICE_FAMILY = "1,2";
			};
			name = Debug;
		};
		BCEF3143257EE63500F4DD83 /* Release */ = {
			isa = XCBuildConfiguration;
			buildSettings = {
				ASSETCATALOG_COMPILER_APPICON_NAME = AppIcon;
				ASSETCATALOG_COMPILER_GLOBAL_ACCENT_COLOR_NAME = AccentColor;
				CODE_SIGN_STYLE = Automatic;
				DEVELOPMENT_TEAM = VF7VYA94WY;
				INFOPLIST_FILE = NewsAppRx2/Info.plist;
				LD_RUNPATH_SEARCH_PATHS = (
					"$(inherited)",
					"@executable_path/Frameworks",
				);
				PRODUCT_BUNDLE_IDENTIFIER = abstec.NewsAppRx2;
				PRODUCT_NAME = "$(TARGET_NAME)";
				SWIFT_VERSION = 5.0;
				TARGETED_DEVICE_FAMILY = "1,2";
			};
			name = Release;
		};
/* End XCBuildConfiguration section */

/* Begin XCConfigurationList section */
		BCEF3128257EE63400F4DD83 /* Build configuration list for PBXProject "NewsAppRx2" */ = {
			isa = XCConfigurationList;
			buildConfigurations = (
				BCEF313F257EE63500F4DD83 /* Debug */,
				BCEF3140257EE63500F4DD83 /* Release */,
			);
			defaultConfigurationIsVisible = 0;
			defaultConfigurationName = Release;
		};
		BCEF3141257EE63500F4DD83 /* Build configuration list for PBXNativeTarget "NewsAppRx2" */ = {
			isa = XCConfigurationList;
			buildConfigurations = (
				BCEF3142257EE63500F4DD83 /* Debug */,
				BCEF3143257EE63500F4DD83 /* Release */,
			);
			defaultConfigurationIsVisible = 0;
			defaultConfigurationName = Release;
		};
/* End XCConfigurationList section */
	};
	rootObject = BCEF3125257EE63400F4DD83 /* Project object */;
}
